
Microsoft Visual Studio Solution File, Format Version 12.00
# Visual Studio Version 16
VisualStudioVersion = 16.0.31105.61
MinimumVisualStudioVersion = 10.0.40219.1
Project("{888888A0-9F3D-457C-B088-3A5042F75D52}") = "ElectronCutout", "ElectronCutout.pyproj", "{A73CAB1F-2D35-4103-BB26-569A7E478277}"
EndProject
Global
	GlobalSection(SolutionConfigurationPlatforms) = preSolution
		Debug|Any CPU = Debug|Any CPU
		Release|Any CPU = Release|Any CPU
	EndGlobalSection
	GlobalSection(ProjectConfigurationPlatforms) = postSolution
		{A73CAB1F-2D35-4103-BB26-569A7E478277}.Debug|Any CPU.ActiveCfg = Debug|Any CPU
		{A73CAB1F-2D35-4103-BB26-569A7E478277}.Release|Any CPU.ActiveCfg = Release|Any CPU
	EndGlobalSection
	GlobalSection(SolutionProperties) = preSolution
		HideSolutionNode = FALSE
	EndGlobalSection
	GlobalSection(ExtensibilityGlobals) = postSolution
		SolutionGuid = {B8704802-44B7-4057-B954-3A18E4393931}
	EndGlobalSection
EndGlobal
